
Microsoft Visual Studio Solution File, Format Version 12.00
# Visual Studio Version 16
VisualStudioVersion = 16.0.31911.196
MinimumVisualStudioVersion = 10.0.40219.1
Project("{FAE04EC0-301F-11D3-BF4B-00C04F79EFBC}") = "MainProject", "MainProject.csproj", "{24F307C6-6E92-46D9-9E72-EE615D69D786}"
EndProject
Global
	GlobalSection(SolutionConfigurationPlatforms) = preSolution
		Debug|Any CPU = Debug|Any CPU
		Release|Any CPU = Release|Any CPU
	EndGlobalSection
	GlobalSection(ProjectConfigurationPlatforms) = postSolution
		{24F307C6-6E92-46D9-9E72-EE615D69D786}.Debug|Any CPU.ActiveCfg = Debug|Any CPU
		{24F307C6-6E92-46D9-9E72-EE615D69D786}.Debug|Any CPU.Build.0 = Debug|Any CPU
		{24F307C6-6E92-46D9-9E72-EE615D69D786}.Release|Any CPU.ActiveCfg = Release|Any CPU
		{24F307C6-6E92-46D9-9E72-EE615D69D786}.Release|Any CPU.Build.0 = Release|Any CPU
	EndGlobalSection
	GlobalSection(SolutionProperties) = preSolution
		HideSolutionNode = FALSE
	EndGlobalSection
	GlobalSection(ExtensibilityGlobals) = postSolution
		SolutionGuid = {789EB673-6486-4CDE-9498-261877B57E87}
	EndGlobalSection
EndGlobal
